
Microsoft Visual Studio Solution File, Format Version 12.00
# Visual Studio Version 17
VisualStudioVersion = 17.8.34316.72
MinimumVisualStudioVersion = 10.0.40219.1
Project("{9A19103F-16F7-4668-BE54-9A1E7A4F7556}") = "FEventSourceGenerator", "SourceGenerator\FEventSourceGenerator.csproj", "{CA527988-A0F7-4C2E-9309-BC2FEE81F704}"
EndProject
Project("{9A19103F-16F7-4668-BE54-9A1E7A4F7556}") = "UnitTest", "UnitTest\UnitTest.csproj", "{F95EE3B4-8DB3-4F02-BE69-1584ACA4335F}"
EndProject
Project("{9A19103F-16F7-4668-BE54-9A1E7A4F7556}") = "FEventLib", "FEventLib\FEventLib.csproj", "{C4F9AFF4-F91C-41ED-AE46-8B56509E0387}"
EndProject
Global
	GlobalSection(SolutionConfigurationPlatforms) = preSolution
		Debug|Any CPU = Debug|Any CPU
		Release|Any CPU = Release|Any CPU
	EndGlobalSection
	GlobalSection(ProjectConfigurationPlatforms) = postSolution
		{CA527988-A0F7-4C2E-9309-BC2FEE81F704}.Debug|Any CPU.ActiveCfg = Debug|Any CPU
		{CA527988-A0F7-4C2E-9309-BC2FEE81F704}.Debug|Any CPU.Build.0 = Debug|Any CPU
		{CA527988-A0F7-4C2E-9309-BC2FEE81F704}.Release|Any CPU.ActiveCfg = Release|Any CPU
		{CA527988-A0F7-4C2E-9309-BC2FEE81F704}.Release|Any CPU.Build.0 = Release|Any CPU
		{F95EE3B4-8DB3-4F02-BE69-1584ACA4335F}.Debug|Any CPU.ActiveCfg = Debug|Any CPU
		{F95EE3B4-8DB3-4F02-BE69-1584ACA4335F}.Debug|Any CPU.Build.0 = Debug|Any CPU
		{F95EE3B4-8DB3-4F02-BE69-1584ACA4335F}.Release|Any CPU.ActiveCfg = Release|Any CPU
		{F95EE3B4-8DB3-4F02-BE69-1584ACA4335F}.Release|Any CPU.Build.0 = Release|Any CPU
		{C4F9AFF4-F91C-41ED-AE46-8B56509E0387}.Debug|Any CPU.ActiveCfg = Debug|Any CPU
		{C4F9AFF4-F91C-41ED-AE46-8B56509E0387}.Debug|Any CPU.Build.0 = Debug|Any CPU
		{C4F9AFF4-F91C-41ED-AE46-8B56509E0387}.Release|Any CPU.ActiveCfg = Release|Any CPU
		{C4F9AFF4-F91C-41ED-AE46-8B56509E0387}.Release|Any CPU.Build.0 = Release|Any CPU
	EndGlobalSection
	GlobalSection(SolutionProperties) = preSolution
		HideSolutionNode = FALSE
	EndGlobalSection
	GlobalSection(ExtensibilityGlobals) = postSolution
		SolutionGuid = {FF0D8B63-09A6-4DEC-8F87-5EB6CE3B2D1C}
	EndGlobalSection
EndGlobal
