
Microsoft Visual Studio Solution File, Format Version 12.00
# Visual Studio Version 17
VisualStudioVersion = 17.8.34316.72
MinimumVisualStudioVersion = 10.0.40219.1
Project("{9A19103F-16F7-4668-BE54-9A1E7A4F7556}") = "FEventGenerator", "SourceGenerator\FEventSourceGenerator.csproj", "{CA527988-A0F7-4C2E-9309-BC2FEE81F704}"
EndProject
Global
	GlobalSection(SolutionConfigurationPlatforms) = preSolution
		Debug|Any CPU = Debug|Any CPU
		Release|Any CPU = Release|Any CPU
	EndGlobalSection
	GlobalSection(ProjectConfigurationPlatforms) = postSolution
		{F3CE4ADC-99D4-4F86-B9B6-3FF3017B5257}.Debug|Any CPU.ActiveCfg = Debug|Any CPU
		{F3CE4ADC-99D4-4F86-B9B6-3FF3017B5257}.Debug|Any CPU.Build.0 = Debug|Any CPU
		{F3CE4ADC-99D4-4F86-B9B6-3FF3017B5257}.Release|Any CPU.ActiveCfg = Release|Any CPU
		{F3CE4ADC-99D4-4F86-B9B6-3FF3017B5257}.Release|Any CPU.Build.0 = Release|Any CPU
		{CA527988-A0F7-4C2E-9309-BC2FEE81F704}.Debug|Any CPU.ActiveCfg = Debug|Any CPU
		{CA527988-A0F7-4C2E-9309-BC2FEE81F704}.Debug|Any CPU.Build.0 = Debug|Any CPU
		{CA527988-A0F7-4C2E-9309-BC2FEE81F704}.Release|Any CPU.ActiveCfg = Release|Any CPU
		{CA527988-A0F7-4C2E-9309-BC2FEE81F704}.Release|Any CPU.Build.0 = Release|Any CPU
	EndGlobalSection
	GlobalSection(SolutionProperties) = preSolution
		HideSolutionNode = FALSE
	EndGlobalSection
	GlobalSection(ExtensibilityGlobals) = postSolution
		SolutionGuid = {FF0D8B63-09A6-4DEC-8F87-5EB6CE3B2D1C}
	EndGlobalSection
EndGlobal
